{
  "originHash" : "4373b477de2ceb58d495060b102c45ca0561a45c5ac2190287d620876660cafa",
  "pins" : [
    {
      "identity" : "arraytrie",
      "kind" : "remoteSourceControl",
      "location" : "https://github.com/treehauslabs/ArrayTrie.git",
      "state" : {
        "revision" : "11948258e0db3e8a6f93fe3448cfaed6c303e7dd",
        "version" : "1.0.0"
      }
    },
    {
      "identity" : "cashew",
      "kind" : "remoteSourceControl",
      "location" : "https://github.com/treehauslabs/cashew.git",
      "state" : {
        "revision" : "a38dc49c637d2eb3b5cc101513ccfe8a64d97079",
        "version" : "1.9.0"
      }
    },
    {
      "identity" : "collectionconcurrencykit",
      "kind" : "remoteSourceControl",
      "location" : "https://github.com/JohnSundell/CollectionConcurrencyKit.git",
      "state" : {
        "revision" : "b4f23e24b5a1bff301efc5e70871083ca029ff95",
        "version" : "0.2.0"
      }
    },
    {
      "identity" : "cryptoswift",
      "kind" : "remoteSourceControl",
      "location" : "https://github.com/krzyzanowskim/CryptoSwift.git",
      "state" : {
        "revision" : "e45a26384239e028ec87fbcc788f513b67e10d8f",
        "version" : "1.9.0"
      }
    },
    {
      "identity" : "jxkit",
      "kind" : "remoteSourceControl",
      "location" : "https://github.com/jectivex/JXKit.git",
      "state" : {
        "revision" : "a4c1872d36036fe4ade4b1cadb268603e89e25f0",
        "version" : "3.6.0"
      }
    },
    {
      "identity" : "swift-asn1",
      "kind" : "remoteSourceControl",
      "location" : "https://github.com/apple/swift-asn1.git",
      "state" : {
        "revision" : "9f542610331815e29cc3821d3b6f488db8715517",
        "version" : "1.6.0"
      }
    },
    {
      "identity" : "swift-bases",
      "kind" : "remoteSourceControl",
      "location" : "https://github.com/swift-libp2p/swift-bases.git",
      "state" : {
        "revision" : "96615d4b582f9f6536d8278304ce2a64c8e5288a",
        "version" : "0.2.0"
      }
    },
    {
      "identity" : "swift-cid",
      "kind" : "remoteSourceControl",
      "location" : "https://github.com/swift-libp2p/swift-cid.git",
      "state" : {
        "revision" : "b9138d3a790ff149d44a6d20d74357e45cfc1706",
        "version" : "0.2.1"
      }
    },
    {
      "identity" : "swift-collections",
      "kind" : "remoteSourceControl",
      "location" : "https://github.com/apple/swift-collections.git",
      "state" : {
        "revision" : "6675bc0ff86e61436e615df6fc5174e043e57924",
        "version" : "1.4.1"
      }
    },
    {
      "identity" : "swift-crypto",
      "kind" : "remoteSourceControl",
      "location" : "https://github.com/apple/swift-crypto.git",
      "state" : {
        "revision" : "95ba0316a9b733e92bb6b071255ff46263bbe7dc",
        "version" : "3.15.1"
      }
    },
    {
      "identity" : "swift-multibase",
      "kind" : "remoteSourceControl",
      "location" : "https://github.com/swift-libp2p/swift-multibase.git",
      "state" : {
        "revision" : "24099da1c4f4222ea4e12586d6f9b4ecf7840b60",
        "version" : "0.2.1"
      }
    },
    {
      "identity" : "swift-multicodec",
      "kind" : "remoteSourceControl",
      "location" : "https://github.com/swift-libp2p/swift-multicodec.git",
      "state" : {
        "revision" : "8b22b5941f934a51945d50793b104114a92a493c",
        "version" : "0.2.1"
      }
    },
    {
      "identity" : "swift-multihash",
      "kind" : "remoteSourceControl",
      "location" : "https://github.com/swift-libp2p/swift-multihash.git",
      "state" : {
        "revision" : "3f96ded8e8af0787bfc7b90fbb54db28d3a28302",
        "version" : "0.2.1"
      }
    },
    {
      "identity" : "swift-secp256k1",
      "kind" : "remoteSourceControl",
      "location" : "https://github.com/21-DOT-DEV/swift-secp256k1.git",
      "state" : {
        "revision" : "21d46dd1d11737b77d15bd23468f989b24bc7f40",
        "version" : "0.23.0"
      }
    },
    {
      "identity" : "swift-varint",
      "kind" : "remoteSourceControl",
      "location" : "https://github.com/swift-libp2p/swift-varint.git",
      "state" : {
        "revision" : "b62beeea61d5c7c434d7af8a212211a4e7a8f926",
        "version" : "0.2.0"
      }
    },
    {
      "identity" : "triedictionary",
      "kind" : "remoteSourceControl",
      "location" : "https://github.com/pumperknickle/TrieDictionary.git",
      "state" : {
        "revision" : "982c39de89bd8981dc368c95ca291b4f95477611",
        "version" : "0.0.9"
      }
    },
    {
      "identity" : "uint256",
      "kind" : "remoteSourceControl",
      "location" : "https://github.com/treehauslabs/UInt256.git",
      "state" : {
        "revision" : "7d387beb657e5288d6b41891886f1800f2c4529e",
        "version" : "1.1.0"
      }
    }
  ],
  "version" : 3
}
